
Microsoft Visual Studio Solution File, Format Version 12.00
# Visual Studio Version 17
VisualStudioVersion = 17.0.31903.59
MinimumVisualStudioVersion = 10.0.40219.1
Project("{2150E333-8FDC-42A3-9474-1A3956D46DE8}") = "src", "src", "{827E0CD3-B72D-47B6-A68D-7590B98EB39B}"
EndProject
Project("{FAE04EC0-301F-11D3-BF4B-00C04F79EFBC}") = "MSSQL.MCP", "src\MSSQL.MCP\MSSQL.MCP.csproj", "{9FF00F04-FA9D-4292-85FB-A9AB30170B4B}"
EndProject
Project("{FAE04EC0-301F-11D3-BF4B-00C04F79EFBC}") = "API.MCP", "src\API.MCP\API.MCP.csproj", "{4A3F6B3A-E3AE-47A4-B39D-1B67B9673C9D}"
EndProject
Project("{2150E333-8FDC-42A3-9474-1A3956D46DE8}") = "tests", "tests", "{0AB3BF05-4346-4AA6-1389-037BE0695223}"
EndProject
Project("{FAE04EC0-301F-11D3-BF4B-00C04F79EFBC}") = "MSSQL.MCP.IntegrationTests", "tests\MSSQL.MCP.IntegrationTests\MSSQL.MCP.IntegrationTests.csproj", "{428DE785-BB37-42C0-8BD8-3593AB772289}"
EndProject
Project("{FAE04EC0-301F-11D3-BF4B-00C04F79EFBC}") = "API.MCP.IntegrationTests", "tests\API.MCP.IntegrationTests\API.MCP.IntegrationTests.csproj", "{2838D547-EE9D-4322-951A-F9D080608CEF}"
EndProject
Global
	GlobalSection(SolutionConfigurationPlatforms) = preSolution
		Debug|Any CPU = Debug|Any CPU
		Debug|x64 = Debug|x64
		Debug|x86 = Debug|x86
		Release|Any CPU = Release|Any CPU
		Release|x64 = Release|x64
		Release|x86 = Release|x86
	EndGlobalSection
	GlobalSection(ProjectConfigurationPlatforms) = postSolution
		{9FF00F04-FA9D-4292-85FB-A9AB30170B4B}.Debug|Any CPU.ActiveCfg = Debug|Any CPU
		{9FF00F04-FA9D-4292-85FB-A9AB30170B4B}.Debug|Any CPU.Build.0 = Debug|Any CPU
		{9FF00F04-FA9D-4292-85FB-A9AB30170B4B}.Debug|x64.ActiveCfg = Debug|Any CPU
		{9FF00F04-FA9D-4292-85FB-A9AB30170B4B}.Debug|x64.Build.0 = Debug|Any CPU
		{9FF00F04-FA9D-4292-85FB-A9AB30170B4B}.Debug|x86.ActiveCfg = Debug|Any CPU
		{9FF00F04-FA9D-4292-85FB-A9AB30170B4B}.Debug|x86.Build.0 = Debug|Any CPU
		{9FF00F04-FA9D-4292-85FB-A9AB30170B4B}.Release|Any CPU.ActiveCfg = Release|Any CPU
		{9FF00F04-FA9D-4292-85FB-A9AB30170B4B}.Release|Any CPU.Build.0 = Release|Any CPU
		{9FF00F04-FA9D-4292-85FB-A9AB30170B4B}.Release|x64.ActiveCfg = Release|Any CPU
		{9FF00F04-FA9D-4292-85FB-A9AB30170B4B}.Release|x64.Build.0 = Release|Any CPU
		{9FF00F04-FA9D-4292-85FB-A9AB30170B4B}.Release|x86.ActiveCfg = Release|Any CPU
		{9FF00F04-FA9D-4292-85FB-A9AB30170B4B}.Release|x86.Build.0 = Release|Any CPU
		{4A3F6B3A-E3AE-47A4-B39D-1B67B9673C9D}.Debug|Any CPU.ActiveCfg = Debug|Any CPU
		{4A3F6B3A-E3AE-47A4-B39D-1B67B9673C9D}.Debug|Any CPU.Build.0 = Debug|Any CPU
		{4A3F6B3A-E3AE-47A4-B39D-1B67B9673C9D}.Debug|x64.ActiveCfg = Debug|Any CPU
		{4A3F6B3A-E3AE-47A4-B39D-1B67B9673C9D}.Debug|x64.Build.0 = Debug|Any CPU
		{4A3F6B3A-E3AE-47A4-B39D-1B67B9673C9D}.Debug|x86.ActiveCfg = Debug|Any CPU
		{4A3F6B3A-E3AE-47A4-B39D-1B67B9673C9D}.Debug|x86.Build.0 = Debug|Any CPU
		{4A3F6B3A-E3AE-47A4-B39D-1B67B9673C9D}.Release|Any CPU.ActiveCfg = Release|Any CPU
		{4A3F6B3A-E3AE-47A4-B39D-1B67B9673C9D}.Release|Any CPU.Build.0 = Release|Any CPU
		{4A3F6B3A-E3AE-47A4-B39D-1B67B9673C9D}.Release|x64.ActiveCfg = Release|Any CPU
		{4A3F6B3A-E3AE-47A4-B39D-1B67B9673C9D}.Release|x64.Build.0 = Release|Any CPU
		{4A3F6B3A-E3AE-47A4-B39D-1B67B9673C9D}.Release|x86.ActiveCfg = Release|Any CPU
		{4A3F6B3A-E3AE-47A4-B39D-1B67B9673C9D}.Release|x86.Build.0 = Release|Any CPU
		{428DE785-BB37-42C0-8BD8-3593AB772289}.Debug|Any CPU.ActiveCfg = Debug|Any CPU
		{428DE785-BB37-42C0-8BD8-3593AB772289}.Debug|Any CPU.Build.0 = Debug|Any CPU
		{428DE785-BB37-42C0-8BD8-3593AB772289}.Debug|x64.ActiveCfg = Debug|Any CPU
		{428DE785-BB37-42C0-8BD8-3593AB772289}.Debug|x64.Build.0 = Debug|Any CPU
		{428DE785-BB37-42C0-8BD8-3593AB772289}.Debug|x86.ActiveCfg = Debug|Any CPU
		{428DE785-BB37-42C0-8BD8-3593AB772289}.Debug|x86.Build.0 = Debug|Any CPU
		{428DE785-BB37-42C0-8BD8-3593AB772289}.Release|Any CPU.ActiveCfg = Release|Any CPU
		{428DE785-BB37-42C0-8BD8-3593AB772289}.Release|Any CPU.Build.0 = Release|Any CPU
		{428DE785-BB37-42C0-8BD8-3593AB772289}.Release|x64.ActiveCfg = Release|Any CPU
		{428DE785-BB37-42C0-8BD8-3593AB772289}.Release|x64.Build.0 = Release|Any CPU
		{428DE785-BB37-42C0-8BD8-3593AB772289}.Release|x86.ActiveCfg = Release|Any CPU
		{428DE785-BB37-42C0-8BD8-3593AB772289}.Release|x86.Build.0 = Release|Any CPU
		{2838D547-EE9D-4322-951A-F9D080608CEF}.Debug|Any CPU.ActiveCfg = Debug|Any CPU
		{2838D547-EE9D-4322-951A-F9D080608CEF}.Debug|Any CPU.Build.0 = Debug|Any CPU
		{2838D547-EE9D-4322-951A-F9D080608CEF}.Debug|x64.ActiveCfg = Debug|Any CPU
		{2838D547-EE9D-4322-951A-F9D080608CEF}.Debug|x64.Build.0 = Debug|Any CPU
		{2838D547-EE9D-4322-951A-F9D080608CEF}.Debug|x86.ActiveCfg = Debug|Any CPU
		{2838D547-EE9D-4322-951A-F9D080608CEF}.Debug|x86.Build.0 = Debug|Any CPU
		{2838D547-EE9D-4322-951A-F9D080608CEF}.Release|Any CPU.ActiveCfg = Release|Any CPU
		{2838D547-EE9D-4322-951A-F9D080608CEF}.Release|Any CPU.Build.0 = Release|Any CPU
		{2838D547-EE9D-4322-951A-F9D080608CEF}.Release|x64.ActiveCfg = Release|Any CPU
		{2838D547-EE9D-4322-951A-F9D080608CEF}.Release|x64.Build.0 = Release|Any CPU
		{2838D547-EE9D-4322-951A-F9D080608CEF}.Release|x86.ActiveCfg = Release|Any CPU
		{2838D547-EE9D-4322-951A-F9D080608CEF}.Release|x86.Build.0 = Release|Any CPU
	EndGlobalSection
	GlobalSection(SolutionProperties) = preSolution
		HideSolutionNode = FALSE
	EndGlobalSection
	GlobalSection(NestedProjects) = preSolution
		{9FF00F04-FA9D-4292-85FB-A9AB30170B4B} = {827E0CD3-B72D-47B6-A68D-7590B98EB39B}
		{4A3F6B3A-E3AE-47A4-B39D-1B67B9673C9D} = {827E0CD3-B72D-47B6-A68D-7590B98EB39B}
		{428DE785-BB37-42C0-8BD8-3593AB772289} = {0AB3BF05-4346-4AA6-1389-037BE0695223}
		{2838D547-EE9D-4322-951A-F9D080608CEF} = {0AB3BF05-4346-4AA6-1389-037BE0695223}
	EndGlobalSection
EndGlobal
